
Microsoft Visual Studio Solution File, Format Version 12.00
# Visual Studio Version 17
VisualStudioVersion = 17.1.32210.238
MinimumVisualStudioVersion = 10.0.40219.1
Project("{FAE04EC0-301F-11D3-BF4B-00C04F79EFBC}") = "practice", "practice.csproj", "{141D1BD7-CBA4-402A-92AB-B176CD4C0394}"
EndProject
Global
	GlobalSection(SolutionConfigurationPlatforms) = preSolution
		Debug|Any CPU = Debug|Any CPU
		Release|Any CPU = Release|Any CPU
	EndGlobalSection
	GlobalSection(ProjectConfigurationPlatforms) = postSolution
		{141D1BD7-CBA4-402A-92AB-B176CD4C0394}.Debug|Any CPU.ActiveCfg = Debug|Any CPU
		{141D1BD7-CBA4-402A-92AB-B176CD4C0394}.Debug|Any CPU.Build.0 = Debug|Any CPU
		{141D1BD7-CBA4-402A-92AB-B176CD4C0394}.Release|Any CPU.ActiveCfg = Release|Any CPU
		{141D1BD7-CBA4-402A-92AB-B176CD4C0394}.Release|Any CPU.Build.0 = Release|Any CPU
	EndGlobalSection
	GlobalSection(SolutionProperties) = preSolution
		HideSolutionNode = FALSE
	EndGlobalSection
	GlobalSection(ExtensibilityGlobals) = postSolution
		SolutionGuid = {C306C82A-9D32-4473-9312-BD75D350B155}
	EndGlobalSection
EndGlobal
